{
  "name": "TableTest",
  "lockfileVersion": 2,
  "requires": true,
  "packages": {
    "": {
      "dependencies": {
        "cycle": "^1.0.3",
        "react-hook-form": "^7.29.0"
      }
    },
    "node_modules/cycle": {
      "version": "1.0.3",
      "resolved": "https://registry.npmjs.org/cycle/-/cycle-1.0.3.tgz",
      "integrity": "sha1-IegLK+hYD5i0aPN5QwZisEbDStI=",
      "engines": {
        "node": ">=0.4.0"
      }
    },
    "node_modules/react-hook-form": {
      "version": "7.29.0",
      "resolved": "https://registry.npmjs.org/react-hook-form/-/react-hook-form-7.29.0.tgz",
      "integrity": "sha512-NcJqWRF6el5HMW30fqZRt27s+lorvlCCDbTpAyHoodQeYWXgQCvZJJQLC1kRMKdrJknVH0NIg3At6TUzlZJFOQ==",
      "engines": {
        "node": ">=12.22.0"
      },
      "funding": {
        "type": "opencollective",
        "url": "https://opencollective.com/react-hook-form"
      },
      "peerDependencies": {
        "react": "^16.8.0 || ^17 || ^18"
      }
    }
  },
  "dependencies": {
    "cycle": {
      "version": "1.0.3",
      "resolved": "https://registry.npmjs.org/cycle/-/cycle-1.0.3.tgz",
      "integrity": "sha1-IegLK+hYD5i0aPN5QwZisEbDStI="
    },
    "react-hook-form": {
      "version": "7.29.0",
      "resolved": "https://registry.npmjs.org/react-hook-form/-/react-hook-form-7.29.0.tgz",
      "integrity": "sha512-NcJqWRF6el5HMW30fqZRt27s+lorvlCCDbTpAyHoodQeYWXgQCvZJJQLC1kRMKdrJknVH0NIg3At6TUzlZJFOQ=="
    }
  }
}
